
Microsoft Visual Studio Solution File, Format Version 12.00
# Visual Studio Version 17
VisualStudioVersion = 17.9.34714.143
MinimumVisualStudioVersion = 10.0.40219.1
Project("{FAE04EC0-301F-11D3-BF4B-00C04F79EFBC}") = "Ecommerce", "Ecommerce\Ecommerce.csproj", "{EF3BB53A-69F9-49A5-BAAD-30D71795E028}"
EndProject
Global
	GlobalSection(SolutionConfigurationPlatforms) = preSolution
		Debug|Any CPU = Debug|Any CPU
		Release|Any CPU = Release|Any CPU
	EndGlobalSection
	GlobalSection(ProjectConfigurationPlatforms) = postSolution
		{EF3BB53A-69F9-49A5-BAAD-30D71795E028}.Debug|Any CPU.ActiveCfg = Debug|Any CPU
		{EF3BB53A-69F9-49A5-BAAD-30D71795E028}.Debug|Any CPU.Build.0 = Debug|Any CPU
		{EF3BB53A-69F9-49A5-BAAD-30D71795E028}.Release|Any CPU.ActiveCfg = Release|Any CPU
		{EF3BB53A-69F9-49A5-BAAD-30D71795E028}.Release|Any CPU.Build.0 = Release|Any CPU
	EndGlobalSection
	GlobalSection(SolutionProperties) = preSolution
		HideSolutionNode = FALSE
	EndGlobalSection
	GlobalSection(ExtensibilityGlobals) = postSolution
		SolutionGuid = {9F390AA6-8A5D-41E5-AF27-FC9E2C8692F3}
	EndGlobalSection
EndGlobal
